
Microsoft Visual Studio Solution File, Format Version 12.00
# Visual Studio Version 17
VisualStudioVersion = 17.8.34525.116
MinimumVisualStudioVersion = 10.0.40219.1
Project("{9A19103F-16F7-4668-BE54-9A1E7A4F7556}") = "WelcomeToBot", "WelconeToBot\WelcomeToBot.csproj", "{4ACC2C17-6526-4F5B-829E-FB64DAF2E630}"
EndProject
Project("{FAE04EC0-301F-11D3-BF4B-00C04F79EFBC}") = "WelcomeTo.DAL", "WelcomeTo.DAL\WelcomeTo.DAL.csproj", "{60CC20AF-59D1-4894-936E-BA71320766E8}"
EndProject
Project("{FAE04EC0-301F-11D3-BF4B-00C04F79EFBC}") = "MyTelegramBot", "MyTelegramBot\MyTelegramBot.csproj", "{77200D41-3BB0-71D7-A572-ABFD8073B9ED}"
EndProject
Global
	GlobalSection(SolutionConfigurationPlatforms) = preSolution
		Debug|Any CPU = Debug|Any CPU
		Release|Any CPU = Release|Any CPU
	EndGlobalSection
	GlobalSection(ProjectConfigurationPlatforms) = postSolution
		{4ACC2C17-6526-4F5B-829E-FB64DAF2E630}.Debug|Any CPU.ActiveCfg = Debug|Any CPU
		{4ACC2C17-6526-4F5B-829E-FB64DAF2E630}.Debug|Any CPU.Build.0 = Debug|Any CPU
		{4ACC2C17-6526-4F5B-829E-FB64DAF2E630}.Release|Any CPU.ActiveCfg = Release|Any CPU
		{4ACC2C17-6526-4F5B-829E-FB64DAF2E630}.Release|Any CPU.Build.0 = Release|Any CPU
		{60CC20AF-59D1-4894-936E-BA71320766E8}.Debug|Any CPU.ActiveCfg = Debug|Any CPU
		{60CC20AF-59D1-4894-936E-BA71320766E8}.Debug|Any CPU.Build.0 = Debug|Any CPU
		{60CC20AF-59D1-4894-936E-BA71320766E8}.Release|Any CPU.ActiveCfg = Release|Any CPU
		{60CC20AF-59D1-4894-936E-BA71320766E8}.Release|Any CPU.Build.0 = Release|Any CPU
		{77200D41-3BB0-71D7-A572-ABFD8073B9ED}.Debug|Any CPU.ActiveCfg = Debug|Any CPU
		{77200D41-3BB0-71D7-A572-ABFD8073B9ED}.Debug|Any CPU.Build.0 = Debug|Any CPU
		{77200D41-3BB0-71D7-A572-ABFD8073B9ED}.Release|Any CPU.ActiveCfg = Release|Any CPU
		{77200D41-3BB0-71D7-A572-ABFD8073B9ED}.Release|Any CPU.Build.0 = Release|Any CPU
	EndGlobalSection
	GlobalSection(SolutionProperties) = preSolution
		HideSolutionNode = FALSE
	EndGlobalSection
	GlobalSection(ExtensibilityGlobals) = postSolution
		SolutionGuid = {92A24E0B-3B13-4805-99FB-9F153B3717D2}
	EndGlobalSection
EndGlobal
